// !$*UTF8*$!
{
	archiveVersion = 1;
	classes = {
	};
	objectVersion = 77;
	objects = {

/* Begin PBXContainerItemProxy section */
		CF83A6C12E544F3900DCEB60 /* PBXContainerItemProxy */ = {
			isa = PBXContainerItemProxy;
			containerPortal = CF83A6AB2E544F3700DCEB60 /* Project object */;
			proxyType = 1;
			remoteGlobalIDString = CF83A6B22E544F3700DCEB60;
			remoteInfo = MotorMates;
		};
		CF83A6CB2E544F3900DCEB60 /* PBXContainerItemProxy */ = {
			isa = PBXContainerItemProxy;
			containerPortal = CF83A6AB2E544F3700DCEB60 /* Project object */;
			proxyType = 1;
			remoteGlobalIDString = CF83A6B22E544F3700DCEB60;
			remoteInfo = MotorMates;
		};
/* End PBXContainerItemProxy section */

/* Begin PBXFileReference section */
		CF83A6B32E544F3700DCEB60 /* MotorMates.app */ = {isa = PBXFileReference; explicitFileType = wrapper.application; includeInIndex = 0; path = MotorMates.app; sourceTree = BUILT_PRODUCTS_DIR; };
		CF83A6C02E544F3900DCEB60 /* MotorMatesTests.xctest */ = {isa = PBXFileReference; explicitFileType = wrapper.cfbundle; includeInIndex = 0; path = MotorMatesTests.xctest; sourceTree = BUILT_PRODUCTS_DIR; };
		CF83A6CA2E544F3900DCEB60 /* MotorMatesUITests.xctest */ = {isa = PBXFileReference; explicitFileType = wrapper.cfbundle; includeInIndex = 0; path = MotorMatesUITests.xctest; sourceTree = BUILT_PRODUCTS_DIR; };
/* End PBXFileReference section */

/* Begin PBXFileSystemSynchronizedRootGroup section */
		CF83A6B52E544F3700DCEB60 /* MotorMates */ = {
			isa = PBXFileSystemSynchronizedRootGroup;
			path = MotorMates;
			sourceTree = "<group>";
		};
		CF83A6C32E544F3900DCEB60 /* MotorMatesTests */ = {
			isa = PBXFileSystemSynchronizedRootGroup;
			path = MotorMatesTests;
			sourceTree = "<group>";
		};
		CF83A6CD2E544F3900DCEB60 /* MotorMatesUITests */ = {
			isa = PBXFileSystemSynchronizedRootGroup;
			path = MotorMatesUITests;
			sourceTree = "<group>";
		};
/* End PBXFileSystemSynchronizedRootGroup section */

/* Begin PBXFrameworksBuildPhase section */
		CF83A6B02E544F3700DCEB60 /* Frameworks */ = {
			isa = PBXFrameworksBuildPhase;
			buildActionMask = 2147483647;
			files = (
			);
			runOnlyForDeploymentPostprocessing = 0;
		};
		CF83A6BD2E544F3900DCEB60 /* Frameworks */ = {
			isa = PBXFrameworksBuildPhase;
			buildActionMask = 2147483647;
			files = (
			);
			runOnlyForDeploymentPostprocessing = 0;
		};
		CF83A6C72E544F3900DCEB60 /* Frameworks */ = {
			isa = PBXFrameworksBuildPhase;
			buildActionMask = 2147483647;
			files = (
			);
			runOnlyForDeploymentPostprocessing = 0;
		};
/* End PBXFrameworksBuildPhase section */

/* Begin PBXGroup section */
		CF83A6AA2E544F3700DCEB60 = {
			isa = PBXGroup;
			children = (
				CF83A6B52E544F3700DCEB60 /* MotorMates */,
				CF83A6C32E544F3900DCEB60 /* MotorMatesTests */,
				CF83A6CD2E544F3900DCEB60 /* MotorMatesUITests */,
				CF83A6B42E544F3700DCEB60 /* Products */,
			);
			sourceTree = "<group>";
		};
		CF83A6B42E544F3700DCEB60 /* Products */ = {
			isa = PBXGroup;
			children = (
				CF83A6B32E544F3700DCEB60 /* MotorMates.app */,
				CF83A6C02E544F3900DCEB60 /* MotorMatesTests.xctest */,
				CF83A6CA2E544F3900DCEB60 /* MotorMatesUITests.xctest */,
			);
			name = Products;
			sourceTree = "<group>";
		};
/* End PBXGroup section */

/* Begin PBXNativeTarget section */
		CF83A6B22E544F3700DCEB60 /* MotorMates */ = {
			isa = PBXNativeTarget;
			buildConfigurationList = CF83A6D42E544F3900DCEB60 /* Build configuration list for PBXNativeTarget "MotorMates" */;
			buildPhases = (
				CF83A6AF2E544F3700DCEB60 /* Sources */,
				CF83A6B02E544F3700DCEB60 /* Frameworks */,
				CF83A6B12E544F3700DCEB60 /* Resources */,
			);
			buildRules = (
			);
			dependencies = (
			);
			fileSystemSynchronizedGroups = (
				CF83A6B52E544F3700DCEB60 /* MotorMates */,
			);
			name = MotorMates;
			packageProductDependencies = (
			);
			productName = MotorMates;
			productReference = CF83A6B32E544F3700DCEB60 /* MotorMates.app */;
			productType = "com.apple.product-type.application";
		};
		CF83A6BF2E544F3900DCEB60 /* MotorMatesTests */ = {
			isa = PBXNativeTarget;
			buildConfigurationList = CF83A6D72E544F3900DCEB60 /* Build configuration list for PBXNativeTarget "MotorMatesTests" */;
			buildPhases = (
				CF83A6BC2E544F3900DCEB60 /* Sources */,
				CF83A6BD2E544F3900DCEB60 /* Frameworks */,
				CF83A6BE2E544F3900DCEB60 /* Resources */,
			);
			buildRules = (
			);
			dependencies = (
				CF83A6C22E544F3900DCEB60 /* PBXTargetDependency */,
			);
			fileSystemSynchronizedGroups = (
				CF83A6C32E544F3900DCEB60 /* MotorMatesTests */,
			);
			name = MotorMatesTests;
			packageProductDependencies = (
			);
			productName = MotorMatesTests;
			productReference = CF83A6C02E544F3900DCEB60 /* MotorMatesTests.xctest */;
			productType = "com.apple.product-type.bundle.unit-test";
		};
		CF83A6C92E544F3900DCEB60 /* MotorMatesUITests */ = {
			isa = PBXNativeTarget;
			buildConfigurationList = CF83A6DA2E544F3900DCEB60 /* Build configuration list for PBXNativeTarget "MotorMatesUITests" */;
			buildPhases = (
				CF83A6C62E544F3900DCEB60 /* Sources */,
				CF83A6C72E544F3900DCEB60 /* Frameworks */,
				CF83A6C82E544F3900DCEB60 /* Resources */,
			);
			buildRules = (
			);
			dependencies = (
				CF83A6CC2E544F3900DCEB60 /* PBXTargetDependency */,
			);
			fileSystemSynchronizedGroups = (
				CF83A6CD2E544F3900DCEB60 /* MotorMatesUITests */,
			);
			name = MotorMatesUITests;
			packageProductDependencies = (
			);
			productName = MotorMatesUITests;
			productReference = CF83A6CA2E544F3900DCEB60 /* MotorMatesUITests.xctest */;
			productType = "com.apple.product-type.bundle.ui-testing";
		};
/* End PBXNativeTarget section */

/* Begin PBXProject section */
		CF83A6AB2E544F3700DCEB60 /* Project object */ = {
			isa = PBXProject;
			attributes = {
				BuildIndependentTargetsInParallel = 1;
				LastSwiftUpdateCheck = 1640;
				LastUpgradeCheck = 1640;
				TargetAttributes = {
					CF83A6B22E544F3700DCEB60 = {
						CreatedOnToolsVersion = 16.4;
					};
					CF83A6BF2E544F3900DCEB60 = {
						CreatedOnToolsVersion = 16.4;
						TestTargetID = CF83A6B22E544F3700DCEB60;
					};
					CF83A6C92E544F3900DCEB60 = {
						CreatedOnToolsVersion = 16.4;
						TestTargetID = CF83A6B22E544F3700DCEB60;
					};
				};
			};
			buildConfigurationList = CF83A6AE2E544F3700DCEB60 /* Build configuration list for PBXProject "MotorMates" */;
			developmentRegion = en;
			hasScannedForEncodings = 0;
			knownRegions = (
				en,
				Base,
			);
			mainGroup = CF83A6AA2E544F3700DCEB60;
			minimizedProjectReferenceProxies = 1;
			preferredProjectObjectVersion = 77;
			productRefGroup = CF83A6B42E544F3700DCEB60 /* Products */;
			projectDirPath = "";
			projectRoot = "";
			targets = (
				CF83A6B22E544F3700DCEB60 /* MotorMates */,
				CF83A6BF2E544F3900DCEB60 /* MotorMatesTests */,
				CF83A6C92E544F3900DCEB60 /* MotorMatesUITests */,
			);
		};
/* End PBXProject section */

/* Begin PBXResourcesBuildPhase section */
		CF83A6B12E544F3700DCEB60 /* Resources */ = {
			isa = PBXResourcesBuildPhase;
			buildActionMask = 2147483647;
			files = (
			);
			runOnlyForDeploymentPostprocessing = 0;
		};
		CF83A6BE2E544F3900DCEB60 /* Resources */ = {
			isa = PBXResourcesBuildPhase;
			buildActionMask = 2147483647;
			files = (
			);
			runOnlyForDeploymentPostprocessing = 0;
		};
		CF83A6C82E544F3900DCEB60 /* Resources */ = {
			isa = PBXResourcesBuildPhase;
			buildActionMask = 2147483647;
			files = (
			);
			runOnlyForDeploymentPostprocessing = 0;
		};
/* End PBXResourcesBuildPhase section */

/* Begin PBXSourcesBuildPhase section */
		CF83A6AF2E544F3700DCEB60 /* Sources */ = {
			isa = PBXSourcesBuildPhase;
			buildActionMask = 2147483647;
			files = (
			);
			runOnlyForDeploymentPostprocessing = 0;
		};
		CF83A6BC2E544F3900DCEB60 /* Sources */ = {
			isa = PBXSourcesBuildPhase;
			buildActionMask = 2147483647;
			files = (
			);
			runOnlyForDeploymentPostprocessing = 0;
		};
		CF83A6C62E544F3900DCEB60 /* Sources */ = {
			isa = PBXSourcesBuildPhase;
			buildActionMask = 2147483647;
			files = (
			);
			runOnlyForDeploymentPostprocessing = 0;
		};
/* End PBXSourcesBuildPhase section */

/* Begin PBXTargetDependency section */
		CF83A6C22E544F3900DCEB60 /* PBXTargetDependency */ = {
			isa = PBXTargetDependency;
			target = CF83A6B22E544F3700DCEB60 /* MotorMates */;
			targetProxy = CF83A6C12E544F3900DCEB60 /* PBXContainerItemProxy */;
		};
		CF83A6CC2E544F3900DCEB60 /* PBXTargetDependency */ = {
			isa = PBXTargetDependency;
			target = CF83A6B22E544F3700DCEB60 /* MotorMates */;
			targetProxy = CF83A6CB2E544F3900DCEB60 /* PBXContainerItemProxy */;
		};
/* End PBXTargetDependency section */

/* Begin XCBuildConfiguration section */
		CF83A6D22E544F3900DCEB60 /* Debug */ = {
			isa = XCBuildConfiguration;
			buildSettings = {
				ALWAYS_SEARCH_USER_PATHS = NO;
				ASSETCATALOG_COMPILER_GENERATE_SWIFT_ASSET_SYMBOL_EXTENSIONS = YES;
				CLANG_ANALYZER_NONNULL = YES;
				CLANG_ANALYZER_NUMBER_OBJECT_CONVERSION = YES_AGGRESSIVE;
				CLANG_CXX_LANGUAGE_STANDARD = "gnu++20";
				CLANG_ENABLE_MODULES = YES;
				CLANG_ENABLE_OBJC_ARC = YES;
				CLANG_ENABLE_OBJC_WEAK = YES;
				CLANG_WARN_BLOCK_CAPTURE_AUTORELEASING = YES;
				CLANG_WARN_BOOL_CONVERSION = YES;
				CLANG_WARN_COMMA = YES;
				CLANG_WARN_CONSTANT_CONVERSION = YES;
				CLANG_WARN_DEPRECATED_OBJC_IMPLEMENTATIONS = YES;
				CLANG_WARN_DIRECT_OBJC_ISA_USAGE = YES_ERROR;
				CLANG_WARN_DOCUMENTATION_COMMENTS = YES;
				CLANG_WARN_EMPTY_BODY = YES;
				CLANG_WARN_ENUM_CONVERSION = YES;
				CLANG_WARN_INFINITE_RECURSION = YES;
				CLANG_WARN_INT_CONVERSION = YES;
				CLANG_WARN_NON_LITERAL_NULL_CONVERSION = YES;
				CLANG_WARN_OBJC_IMPLICIT_RETAIN_SELF = YES;
				CLANG_WARN_OBJC_LITERAL_CONVERSION = YES;
				CLANG_WARN_OBJC_ROOT_CLASS = YES_ERROR;
				CLANG_WARN_QUOTED_INCLUDE_IN_FRAMEWORK_HEADER = YES;
				CLANG_WARN_RANGE_LOOP_ANALYSIS = YES;
				CLANG_WARN_STRICT_PROTOTYPES = YES;
				CLANG_WARN_SUSPICIOUS_MOVE = YES;
				CLANG_WARN_UNGUARDED_AVAILABILITY = YES_AGGRESSIVE;
				CLANG_WARN_UNREACHABLE_CODE = YES;
				CLANG_WARN__DUPLICATE_METHOD_MATCH = YES;
				COPY_PHASE_STRIP = NO;
				DEBUG_INFORMATION_FORMAT = dwarf;
				DEVELOPMENT_TEAM = 9627R7543L;
				ENABLE_STRICT_OBJC_MSGSEND = YES;
				ENABLE_TESTABILITY = YES;
				ENABLE_USER_SCRIPT_SANDBOXING = YES;
				GCC_C_LANGUAGE_STANDARD = gnu17;
				GCC_DYNAMIC_NO_PIC = NO;
				GCC_NO_COMMON_BLOCKS = YES;
				GCC_OPTIMIZATION_LEVEL = 0;
				GCC_PREPROCESSOR_DEFINITIONS = (
					"DEBUG=1",
					"$(inherited)",
				);
				GCC_WARN_64_TO_32_BIT_CONVERSION = YES;
				GCC_WARN_ABOUT_RETURN_TYPE = YES_ERROR;
				GCC_WARN_UNDECLARED_SELECTOR = YES;
				GCC_WARN_UNINITIALIZED_AUTOS = YES_AGGRESSIVE;
				GCC_WARN_UNUSED_FUNCTION = YES;
				GCC_WARN_UNUSED_VARIABLE = YES;
				IPHONEOS_DEPLOYMENT_TARGET = 18.5;
				LOCALIZATION_PREFERS_STRING_CATALOGS = YES;
				MTL_ENABLE_DEBUG_INFO = INCLUDE_SOURCE;
				MTL_FAST_MATH = YES;
				ONLY_ACTIVE_ARCH = YES;
				SDKROOT = iphoneos;
				SWIFT_ACTIVE_COMPILATION_CONDITIONS = "DEBUG $(inherited)";
				SWIFT_OPTIMIZATION_LEVEL = "-Onone";
			};
			name = Debug;
		};
		CF83A6D32E544F3900DCEB60 /* Release */ = {
			isa = XCBuildConfiguration;
			buildSettings = {
				ALWAYS_SEARCH_USER_PATHS = NO;
				ASSETCATALOG_COMPILER_GENERATE_SWIFT_ASSET_SYMBOL_EXTENSIONS = YES;
				CLANG_ANALYZER_NONNULL = YES;
				CLANG_ANALYZER_NUMBER_OBJECT_CONVERSION = YES_AGGRESSIVE;
				CLANG_CXX_LANGUAGE_STANDARD = "gnu++20";
				CLANG_ENABLE_MODULES = YES;
				CLANG_ENABLE_OBJC_ARC = YES;
				CLANG_ENABLE_OBJC_WEAK = YES;
				CLANG_WARN_BLOCK_CAPTURE_AUTORELEASING = YES;
				CLANG_WARN_BOOL_CONVERSION = YES;
				CLANG_WARN_COMMA = YES;
				CLANG_WARN_CONSTANT_CONVERSION = YES;
				CLANG_WARN_DEPRECATED_OBJC_IMPLEMENTATIONS = YES;
				CLANG_WARN_DIRECT_OBJC_ISA_USAGE = YES_ERROR;
				CLANG_WARN_DOCUMENTATION_COMMENTS = YES;
				CLANG_WARN_EMPTY_BODY = YES;
				CLANG_WARN_ENUM_CONVERSION = YES;
				CLANG_WARN_INFINITE_RECURSION = YES;
				CLANG_WARN_INT_CONVERSION = YES;
				CLANG_WARN_NON_LITERAL_NULL_CONVERSION = YES;
				CLANG_WARN_OBJC_IMPLICIT_RETAIN_SELF = YES;
				CLANG_WARN_OBJC_LITERAL_CONVERSION = YES;
				CLANG_WARN_OBJC_ROOT_CLASS = YES_ERROR;
				CLANG_WARN_QUOTED_INCLUDE_IN_FRAMEWORK_HEADER = YES;
				CLANG_WARN_RANGE_LOOP_ANALYSIS = YES;
				CLANG_WARN_STRICT_PROTOTYPES = YES;
				CLANG_WARN_SUSPICIOUS_MOVE = YES;
				CLANG_WARN_UNGUARDED_AVAILABILITY = YES_AGGRESSIVE;
				CLANG_WARN_UNREACHABLE_CODE = YES;
				CLANG_WARN__DUPLICATE_METHOD_MATCH = YES;
				COPY_PHASE_STRIP = NO;
				DEBUG_INFORMATION_FORMAT = "dwarf-with-dsym";
				DEVELOPMENT_TEAM = 9627R7543L;
				ENABLE_NS_ASSERTIONS = NO;
				ENABLE_STRICT_OBJC_MSGSEND = YES;
				ENABLE_USER_SCRIPT_SANDBOXING = YES;
				GCC_C_LANGUAGE_STANDARD = gnu17;
				GCC_NO_COMMON_BLOCKS = YES;
				GCC_WARN_64_TO_32_BIT_CONVERSION = YES;
				GCC_WARN_ABOUT_RETURN_TYPE = YES_ERROR;
				GCC_WARN_UNDECLARED_SELECTOR = YES;
				GCC_WARN_UNINITIALIZED_AUTOS = YES_AGGRESSIVE;
				GCC_WARN_UNUSED_FUNCTION = YES;
				GCC_WARN_UNUSED_VARIABLE = YES;
				IPHONEOS_DEPLOYMENT_TARGET = 18.5;
				LOCALIZATION_PREFERS_STRING_CATALOGS = YES;
				MTL_ENABLE_DEBUG_INFO = NO;
				MTL_FAST_MATH = YES;
				SDKROOT = iphoneos;
				SWIFT_COMPILATION_MODE = wholemodule;
				VALIDATE_PRODUCT = YES;
			};
			name = Release;
		};
		CF83A6D52E544F3900DCEB60 /* Debug */ = {
			isa = XCBuildConfiguration;
			buildSettings = {
				ASSETCATALOG_COMPILER_APPICON_NAME = AppIcon;
				ASSETCATALOG_COMPILER_GLOBAL_ACCENT_COLOR_NAME = AccentColor;
				CODE_SIGN_STYLE = Automatic;
				CURRENT_PROJECT_VERSION = 1;
				DEVELOPMENT_TEAM = 9627R7543L;
				ENABLE_PREVIEWS = YES;
				GENERATE_INFOPLIST_FILE = YES;
				INFOPLIST_KEY_CFBundleDisplayName = MotorMates;
				INFOPLIST_KEY_LSApplicationCategoryType = "public.app-category.social-networking";
				INFOPLIST_KEY_UIApplicationSceneManifest_Generation = YES;
				INFOPLIST_KEY_UIApplicationSupportsIndirectInputEvents = YES;
				INFOPLIST_KEY_UILaunchScreen_Generation = YES;
				INFOPLIST_KEY_UISupportedInterfaceOrientations_iPad = "UIInterfaceOrientationPortrait UIInterfaceOrientationPortraitUpsideDown UIInterfaceOrientationLandscapeLeft UIInterfaceOrientationLandscapeRight";
				INFOPLIST_KEY_UISupportedInterfaceOrientations_iPhone = "UIInterfaceOrientationPortrait UIInterfaceOrientationLandscapeLeft UIInterfaceOrientationLandscapeRight";
				LD_RUNPATH_SEARCH_PATHS = (
					"$(inherited)",
					"@executable_path/Frameworks",
				);
				MARKETING_VERSION = 1.0;
				PRODUCT_BUNDLE_IDENTIFIER = nakulb.MotorMates;
				PRODUCT_NAME = "$(TARGET_NAME)";
				SWIFT_EMIT_LOC_STRINGS = YES;
				SWIFT_VERSION = 5.0;
				TARGETED_DEVICE_FAMILY = "1,2";
			};
			name = Debug;
		};
		CF83A6D62E544F3900DCEB60 /* Release */ = {
			isa = XCBuildConfiguration;
			buildSettings = {
				ASSETCATALOG_COMPILER_APPICON_NAME = AppIcon;
				ASSETCATALOG_COMPILER_GLOBAL_ACCENT_COLOR_NAME = AccentColor;
				CODE_SIGN_STYLE = Automatic;
				CURRENT_PROJECT_VERSION = 1;
				DEVELOPMENT_TEAM = 9627R7543L;
				ENABLE_PREVIEWS = YES;
				GENERATE_INFOPLIST_FILE = YES;
				INFOPLIST_KEY_CFBundleDisplayName = MotorMates;
				INFOPLIST_KEY_LSApplicationCategoryType = "public.app-category.social-networking";
				INFOPLIST_KEY_UIApplicationSceneManifest_Generation = YES;
				INFOPLIST_KEY_UIApplicationSupportsIndirectInputEvents = YES;
				INFOPLIST_KEY_UILaunchScreen_Generation = YES;
				INFOPLIST_KEY_UISupportedInterfaceOrientations_iPad = "UIInterfaceOrientationPortrait UIInterfaceOrientationPortraitUpsideDown UIInterfaceOrientationLandscapeLeft UIInterfaceOrientationLandscapeRight";
				INFOPLIST_KEY_UISupportedInterfaceOrientations_iPhone = "UIInterfaceOrientationPortrait UIInterfaceOrientationLandscapeLeft UIInterfaceOrientationLandscapeRight";
				LD_RUNPATH_SEARCH_PATHS = (
					"$(inherited)",
					"@executable_path/Frameworks",
				);
				MARKETING_VERSION = 1.0;
				PRODUCT_BUNDLE_IDENTIFIER = nakulb.MotorMates;
				PRODUCT_NAME = "$(TARGET_NAME)";
				SWIFT_EMIT_LOC_STRINGS = YES;
				SWIFT_VERSION = 5.0;
				TARGETED_DEVICE_FAMILY = "1,2";
			};
			name = Release;
		};
		CF83A6D82E544F3900DCEB60 /* Debug */ = {
			isa = XCBuildConfiguration;
			buildSettings = {
				BUNDLE_LOADER = "$(TEST_HOST)";
				CODE_SIGN_STYLE = Automatic;
				CURRENT_PROJECT_VERSION = 1;
				DEVELOPMENT_TEAM = 9627R7543L;
				GENERATE_INFOPLIST_FILE = YES;
				IPHONEOS_DEPLOYMENT_TARGET = 18.5;
				MARKETING_VERSION = 1.0;
				PRODUCT_BUNDLE_IDENTIFIER = nakulb.MotorMatesTests;
				PRODUCT_NAME = "$(TARGET_NAME)";
				SWIFT_EMIT_LOC_STRINGS = NO;
				SWIFT_VERSION = 5.0;
				TARGETED_DEVICE_FAMILY = "1,2";
				TEST_HOST = "$(BUILT_PRODUCTS_DIR)/MotorMates.app/$(BUNDLE_EXECUTABLE_FOLDER_PATH)/MotorMates";
			};
			name = Debug;
		};
		CF83A6D92E544F3900DCEB60 /* Release */ = {
			isa = XCBuildConfiguration;
			buildSettings = {
				BUNDLE_LOADER = "$(TEST_HOST)";
				CODE_SIGN_STYLE = Automatic;
				CURRENT_PROJECT_VERSION = 1;
				DEVELOPMENT_TEAM = 9627R7543L;
				GENERATE_INFOPLIST_FILE = YES;
				IPHONEOS_DEPLOYMENT_TARGET = 18.5;
				MARKETING_VERSION = 1.0;
				PRODUCT_BUNDLE_IDENTIFIER = nakulb.MotorMatesTests;
				PRODUCT_NAME = "$(TARGET_NAME)";
				SWIFT_EMIT_LOC_STRINGS = NO;
				SWIFT_VERSION = 5.0;
				TARGETED_DEVICE_FAMILY = "1,2";
				TEST_HOST = "$(BUILT_PRODUCTS_DIR)/MotorMates.app/$(BUNDLE_EXECUTABLE_FOLDER_PATH)/MotorMates";
			};
			name = Release;
		};
		CF83A6DB2E544F3900DCEB60 /* Debug */ = {
			isa = XCBuildConfiguration;
			buildSettings = {
				CODE_SIGN_STYLE = Automatic;
				CURRENT_PROJECT_VERSION = 1;
				DEVELOPMENT_TEAM = 9627R7543L;
				GENERATE_INFOPLIST_FILE = YES;
				MARKETING_VERSION = 1.0;
				PRODUCT_BUNDLE_IDENTIFIER = nakulb.MotorMatesUITests;
				PRODUCT_NAME = "$(TARGET_NAME)";
				SWIFT_EMIT_LOC_STRINGS = NO;
				SWIFT_VERSION = 5.0;
				TARGETED_DEVICE_FAMILY = "1,2";
				TEST_TARGET_NAME = MotorMates;
			};
			name = Debug;
		};
		CF83A6DC2E544F3900DCEB60 /* Release */ = {
			isa = XCBuildConfiguration;
			buildSettings = {
				CODE_SIGN_STYLE = Automatic;
				CURRENT_PROJECT_VERSION = 1;
				DEVELOPMENT_TEAM = 9627R7543L;
				GENERATE_INFOPLIST_FILE = YES;
				MARKETING_VERSION = 1.0;
				PRODUCT_BUNDLE_IDENTIFIER = nakulb.MotorMatesUITests;
				PRODUCT_NAME = "$(TARGET_NAME)";
				SWIFT_EMIT_LOC_STRINGS = NO;
				SWIFT_VERSION = 5.0;
				TARGETED_DEVICE_FAMILY = "1,2";
				TEST_TARGET_NAME = MotorMates;
			};
			name = Release;
		};
/* End XCBuildConfiguration section */

/* Begin XCConfigurationList section */
		CF83A6AE2E544F3700DCEB60 /* Build configuration list for PBXProject "MotorMates" */ = {
			isa = XCConfigurationList;
			buildConfigurations = (
				CF83A6D22E544F3900DCEB60 /* Debug */,
				CF83A6D32E544F3900DCEB60 /* Release */,
			);
			defaultConfigurationIsVisible = 0;
			defaultConfigurationName = Release;
		};
		CF83A6D42E544F3900DCEB60 /* Build configuration list for PBXNativeTarget "MotorMates" */ = {
			isa = XCConfigurationList;
			buildConfigurations = (
				CF83A6D52E544F3900DCEB60 /* Debug */,
				CF83A6D62E544F3900DCEB60 /* Release */,
			);
			defaultConfigurationIsVisible = 0;
			defaultConfigurationName = Release;
		};
		CF83A6D72E544F3900DCEB60 /* Build configuration list for PBXNativeTarget "MotorMatesTests" */ = {
			isa = XCConfigurationList;
			buildConfigurations = (
				CF83A6D82E544F3900DCEB60 /* Debug */,
				CF83A6D92E544F3900DCEB60 /* Release */,
			);
			defaultConfigurationIsVisible = 0;
			defaultConfigurationName = Release;
		};
		CF83A6DA2E544F3900DCEB60 /* Build configuration list for PBXNativeTarget "MotorMatesUITests" */ = {
			isa = XCConfigurationList;
			buildConfigurations = (
				CF83A6DB2E544F3900DCEB60 /* Debug */,
				CF83A6DC2E544F3900DCEB60 /* Release */,
			);
			defaultConfigurationIsVisible = 0;
			defaultConfigurationName = Release;
		};
/* End XCConfigurationList section */
	};
	rootObject = CF83A6AB2E544F3700DCEB60 /* Project object */;
}
